<?xml version="1.0" encoding="utf-8"?>
<Project ToolsVersion="4.0" xmlns="http://schemas.microsoft.com/developer/msbuild/2003">
  <ItemGroup>
    <ClCompile Include="src\server\cardtaker.cpp" />
    <ClCompile Include="src\server\characterbase.cpp" />
    <ClCompile Include="src\server\characterblackjack.cpp" />
    <ClCompile Include="src\server\charactercalamityjanet.cpp" />
    <ClCompile Include="src\server\charactercassidygringo.cpp" />
    <ClCompile Include="src\server\characterjessejones.cpp" />
    <ClCompile Include="src\server\characterjourdonnais.cpp" />
    <ClCompile Include="src\server\characterkitcarlson.cpp" />
    <ClCompile Include="src\server\characterlist.cpp" />
    <ClCompile Include="src\server\characterluckyduke.cpp" />
    <ClCompile Include="src\server\characterpedroramirez.cpp" />
    <ClCompile Include="src\server\characterpropertychange.cpp" />
    <ClCompile Include="src\server\charactersidketchum.cpp" />
    <ClCompile Include="src\server\charactersuzylafayette.cpp" />
    <ClCompile Include="src\server\charactervulturesam.cpp" />
    <ClCompile Include="src\server\client.cpp" />
    <ClCompile Include="src\server\common.cpp" />
    <ClCompile Include="src\server\console.cpp" />
    <ClCompile Include="src\server\consolecommand.cpp" />
    <ClCompile Include="src\server\game.cpp" />
    <ClCompile Include="src\server\gamecycle.cpp" />
    <ClCompile Include="src\server\gameeventlistener.cpp" />
    <ClCompile Include="src\server\gameeventmanager.cpp" />
    <ClCompile Include="src\server\gameinfo.cpp" />
    <ClCompile Include="src\server\gamelogger.cpp" />
    <ClCompile Include="src\server\gameserver.cpp" />
    <ClCompile Include="src\server\gametable.cpp" />
    <ClCompile Include="src\server\main.cpp" />
    <ClCompile Include="src\server\player.cpp" />
    <ClCompile Include="src\server\playerctrl.cpp" />
    <ClCompile Include="src\server\playerreaper.cpp" />
    <ClCompile Include="src\server\playingcard.cpp" />
    <ClCompile Include="src\server\privateplayerview.cpp" />
    <ClCompile Include="src\server\publicgameview.cpp" />
    <ClCompile Include="src\server\publicplayerview.cpp" />
    <ClCompile Include="src\server\reactioncard.cpp" />
    <ClCompile Include="src\server\reactionhandler.cpp" />
    <ClCompile Include="src\server\tablecard.cpp" />
    <ClCompile Include="src\server\tcpserver.cpp" />
    <ClCompile Include="src\server\voidai.cpp" />
    <ClCompile Include="src\server\weaponcard.cpp" />
    <ClCompile Include="src\server\cardbang.cpp">
      <Filter>Source Files</Filter>
    </ClCompile>
    <ClCompile Include="src\server\cardbarrel.cpp">
      <Filter>Source Files</Filter>
    </ClCompile>
    <ClCompile Include="src\server\cardbeer.cpp">
      <Filter>Source Files</Filter>
    </ClCompile>
    <ClCompile Include="src\server\carddrawcards.cpp">
      <Filter>Source Files</Filter>
    </ClCompile>
    <ClCompile Include="src\server\cardduel.cpp">
      <Filter>Source Files</Filter>
    </ClCompile>
    <ClCompile Include="src\server\carddynamite.cpp">
      <Filter>Source Files</Filter>
    </ClCompile>
    <ClCompile Include="src\server\cardfactory.cpp">
      <Filter>Source Files</Filter>
    </ClCompile>
    <ClCompile Include="src\server\cardgeneralstore.cpp">
      <Filter>Source Files</Filter>
    </ClCompile>
    <ClCompile Include="src\server\cardhorse.cpp">
      <Filter>Source Files</Filter>
    </ClCompile>
    <ClCompile Include="src\server\cardjail.cpp">
      <Filter>Source Files</Filter>
    </ClCompile>
    <ClCompile Include="src\server\cardmissed.cpp">
      <Filter>Source Files</Filter>
    </ClCompile>
    <ClCompile Include="src\server\cardmultishoot.cpp">
      <Filter>Source Files</Filter>
    </ClCompile>
  </ItemGroup>
  <ItemGroup>
    <ClInclude Include="src\server\cards.h" />
    <ClInclude Include="src\server\cardtaker.h" />
    <ClInclude Include="src\server\characterlist.h" />
    <ClInclude Include="src\server\checkdeckresulthandler.h" />
    <ClInclude Include="src\server\common.h" />
    <ClInclude Include="src\server\consolecommand.h" />
    <ClInclude Include="src\server\gameeventlistener.h" />
    <ClInclude Include="src\server\gameeventmanager.h" />
    <ClInclude Include="src\server\gameexceptions.h" />
    <ClInclude Include="src\server\gameinfo.h" />
    <ClInclude Include="src\server\gamelogger.h" />
    <ClInclude Include="src\server\gametable.h" />
    <ClInclude Include="src\server\playerreaper.h" />
    <ClInclude Include="src\server\privateplayerview.h" />
    <ClInclude Include="src\server\publicgameview.h" />
    <ClInclude Include="src\server\publicplayerview.h" />
    <ClInclude Include="src\server\reactionhandler.h" />
    <ClInclude Include="src\server\carddynamite.h">
      <Filter>Header Files</Filter>
    </ClInclude>
    <ClInclude Include="src\server\cardfactory.h">
      <Filter>Header Files</Filter>
    </ClInclude>
    <ClInclude Include="src\server\cardgeneralstore.h">
      <Filter>Header Files</Filter>
    </ClInclude>
    <ClInclude Include="src\server\cardjail.h">
      <Filter>Header Files</Filter>
    </ClInclude>
  </ItemGroup>
  <ItemGroup>
    <CustomBuild Include="build\mocs\server\moc_predefs.h.cbt" />
  </ItemGroup>
  <ItemGroup>
    <QtMoc Include="src\server\characterbase.h" />
    <QtMoc Include="src\server\characterblackjack.h" />
    <QtMoc Include="src\server\charactercalamityjanet.h" />
    <QtMoc Include="src\server\charactercassidygringo.h" />
    <QtMoc Include="src\server\characterjessejones.h" />
    <QtMoc Include="src\server\characterjourdonnais.h" />
    <QtMoc Include="src\server\characterkitcarlson.h" />
    <QtMoc Include="src\server\characterluckyduke.h" />
    <QtMoc Include="src\server\characterpedroramirez.h" />
    <QtMoc Include="src\server\characterpropertychange.h" />
    <QtMoc Include="src\server\charactersidketchum.h" />
    <QtMoc Include="src\server\charactersuzylafayette.h" />
    <QtMoc Include="src\server\charactervulturesam.h" />
    <QtMoc Include="src\server\client.h" />
    <QtMoc Include="src\server\console.h" />
    <QtMoc Include="src\server\game.h" />
    <QtMoc Include="src\server\gamecycle.h" />
    <QtMoc Include="src\server\gameserver.h" />
    <QtMoc Include="src\server\player.h" />
    <QtMoc Include="src\server\playerctrl.h" />
    <QtMoc Include="src\server\playingcard.h" />
    <QtMoc Include="src\server\reactioncard.h" />
    <QtMoc Include="src\server\tablecard.h" />
    <QtMoc Include="src\server\tcpserver.h" />
    <QtMoc Include="src\server\voidai.h" />
    <QtMoc Include="src\server\weaponcard.h" />
    <QtMoc Include="src\server\cardbang.h">
      <Filter>Header Files</Filter>
    </QtMoc>
    <QtMoc Include="src\server\cardbarrel.h">
      <Filter>Header Files</Filter>
    </QtMoc>
    <QtMoc Include="src\server\cardbeer.h">
      <Filter>Header Files</Filter>
    </QtMoc>
    <QtMoc Include="src\server\carddrawcards.h">
      <Filter>Header Files</Filter>
    </QtMoc>
    <QtMoc Include="src\server\cardduel.h">
      <Filter>Header Files</Filter>
    </QtMoc>
    <QtMoc Include="src\server\cardhorse.h">
      <Filter>Header Files</Filter>
    </QtMoc>
    <QtMoc Include="src\server\cardmissed.h">
      <Filter>Header Files</Filter>
    </QtMoc>
    <QtMoc Include="src\server\cardmultishoot.h">
      <Filter>Header Files</Filter>
    </QtMoc>
  </ItemGroup>
  <ItemGroup>
    <Filter Include="Source Files">
      <UniqueIdentifier>{4FC737F1-C7A5-4376-A066-2A32D752A2FF}</UniqueIdentifier>
      <Extensions>cpp;c;cc;cxx;def;odl;idl;hpj;bat;asm;asmx</Extensions>
      <ParseFiles>true</ParseFiles>
    </Filter>
    <Filter Include="Header Files">
      <UniqueIdentifier>{93995380-89BD-4b04-88EB-625FBE52EBFB}</UniqueIdentifier>
      <Extensions>h;hh;hpp;hxx;hm;inl;inc;xsd</Extensions>
      <ParseFiles>true</ParseFiles>
    </Filter>
  </ItemGroup>
</Project>