<?xml version="1.0" encoding="utf-8"?>
<Project ToolsVersion="4.0" xmlns="http://schemas.microsoft.com/developer/msbuild/2003">
  <ItemGroup>
    <Filter Include="Source Files">
      <UniqueIdentifier>{4FC737F1-C7A5-4376-A066-2A32D752A2FF}</UniqueIdentifier>
      <Extensions>cpp;c;cc;cxx;def;odl;idl;hpj;bat;asm;asmx</Extensions>
      <ParseFiles>true</ParseFiles>
    </Filter>
    <Filter Include="Header Files">
      <UniqueIdentifier>{93995380-89BD-4b04-88EB-625FBE52EBFB}</UniqueIdentifier>
      <Extensions>h;hh;hpp;hxx;hm;inl;inc;xsd</Extensions>
      <ParseFiles>true</ParseFiles>
    </Filter>
    <Filter Include="Form Files">
      <UniqueIdentifier>{99349809-55BA-4b9d-BF79-8FDBB0286EB3}</UniqueIdentifier>
      <Extensions>ui</Extensions>
      <ParseFiles>true</ParseFiles>
    </Filter>
    <Filter Include="Resource Files">
      <UniqueIdentifier>{D9D6E242-F8AF-46E4-B9FD-80ECBC20BA3E}</UniqueIdentifier>
      <Extensions>qrc;*</Extensions>
      <ParseFiles>false</ParseFiles>
    </Filter>
  </ItemGroup>
  <ItemGroup>
    <ClCompile Include="..\src\client\aboutdialog.cpp">
      <Filter>Source Files</Filter>
    </ClCompile>
    <ClCompile Include="..\src\client\card.cpp">
      <Filter>Source Files</Filter>
    </ClCompile>
    <ClCompile Include="..\src\client\cardactionswidget.cpp">
      <Filter>Source Files</Filter>
    </ClCompile>
    <ClCompile Include="..\src\client\cardlistwidget.cpp">
      <Filter>Source Files</Filter>
    </ClCompile>
    <ClCompile Include="..\src\client\cardmovementevent.cpp">
      <Filter>Source Files</Filter>
    </ClCompile>
    <ClCompile Include="..\src\client\cardpilewidget.cpp">
      <Filter>Source Files</Filter>
    </ClCompile>
    <ClCompile Include="..\src\client\cardpocket.cpp">
      <Filter>Source Files</Filter>
    </ClCompile>
    <ClCompile Include="..\src\client\cardwidget.cpp">
      <Filter>Source Files</Filter>
    </ClCompile>
    <ClCompile Include="..\src\client\cardwidgetfactory.cpp">
      <Filter>Source Files</Filter>
    </ClCompile>
    <ClCompile Include="..\src\client\cardwidgetsizemanager.cpp">
      <Filter>Source Files</Filter>
    </ClCompile>
    <ClCompile Include="..\src\client\cardzoomwidget.cpp">
      <Filter>Source Files</Filter>
    </ClCompile>
    <ClCompile Include="..\src\client\characterwidget.cpp">
      <Filter>Source Files</Filter>
    </ClCompile>
    <ClCompile Include="..\src\client\chatwidget.cpp">
      <Filter>Source Files</Filter>
    </ClCompile>
    <ClCompile Include="..\src\client\common.cpp">
      <Filter>Source Files</Filter>
    </ClCompile>
    <ClCompile Include="..\src\client\connecttoserverdialog.cpp">
      <Filter>Source Files</Filter>
    </ClCompile>
    <ClCompile Include="..\src\client\creategamedialog.cpp">
      <Filter>Source Files</Filter>
    </ClCompile>
    <ClCompile Include="..\src\client\deckwidget.cpp">
      <Filter>Source Files</Filter>
    </ClCompile>
    <ClCompile Include="..\src\client\game.cpp">
      <Filter>Source Files</Filter>
    </ClCompile>
    <ClCompile Include="..\src\client\gameactionmanager.cpp">
      <Filter>Source Files</Filter>
    </ClCompile>
    <ClCompile Include="..\src\client\gamecontextchangeevent.cpp">
      <Filter>Source Files</Filter>
    </ClCompile>
    <ClCompile Include="..\src\client\gameevent.cpp">
      <Filter>Source Files</Filter>
    </ClCompile>
    <ClCompile Include="..\src\client\gameeventhandler.cpp">
      <Filter>Source Files</Filter>
    </ClCompile>
    <ClCompile Include="..\src\client\gameeventqueue.cpp">
      <Filter>Source Files</Filter>
    </ClCompile>
    <ClCompile Include="..\src\client\gameloop.cpp">
      <Filter>Source Files</Filter>
    </ClCompile>
    <ClCompile Include="..\src\client\gamemessageevent.cpp">
      <Filter>Source Files</Filter>
    </ClCompile>
    <ClCompile Include="..\src\client\gamesyncevent.cpp">
      <Filter>Source Files</Filter>
    </ClCompile>
    <ClCompile Include="..\src\client\graveyardwidget.cpp">
      <Filter>Source Files</Filter>
    </ClCompile>
    <ClCompile Include="..\src\client\joingamedialog.cpp">
      <Filter>Source Files</Filter>
    </ClCompile>
    <ClCompile Include="..\src\client\lifepointschangeevent.cpp">
      <Filter>Source Files</Filter>
    </ClCompile>
    <ClCompile Include="..\src\client\localplayerwidget.cpp">
      <Filter>Source Files</Filter>
    </ClCompile>
    <ClCompile Include="..\src\client\logwidget.cpp">
      <Filter>Source Files</Filter>
    </ClCompile>
    <ClCompile Include="..\src\client\main.cpp">
      <Filter>Source Files</Filter>
    </ClCompile>
    <ClCompile Include="..\src\client\mainwindow.cpp">
      <Filter>Source Files</Filter>
    </ClCompile>
    <ClCompile Include="..\src\client\newserverdialog.cpp">
      <Filter>Source Files</Filter>
    </ClCompile>
    <ClCompile Include="..\src\client\opponentwidget.cpp">
      <Filter>Source Files</Filter>
    </ClCompile>
    <ClCompile Include="..\src\client\playerdiedevent.cpp">
      <Filter>Source Files</Filter>
    </ClCompile>
    <ClCompile Include="..\src\client\playerevent.cpp">
      <Filter>Source Files</Filter>
    </ClCompile>
    <ClCompile Include="..\src\client\playerwidget.cpp">
      <Filter>Source Files</Filter>
    </ClCompile>
    <ClCompile Include="..\src\client\selectplayericonwidget.cpp">
      <Filter>Source Files</Filter>
    </ClCompile>
    <ClCompile Include="..\src\client\serverconnection.cpp">
      <Filter>Source Files</Filter>
    </ClCompile>
  </ItemGroup>
  <ItemGroup>
    <QtMoc Include="..\src\client\aboutdialog.h">
      <Filter>Header Files</Filter>
    </QtMoc>
    <QtMoc Include="..\src\client\cardlistwidget.h">
      <Filter>Header Files</Filter>
    </QtMoc>
    <QtMoc Include="..\src\client\cardmovementevent.h">
      <Filter>Header Files</Filter>
    </QtMoc>
    <QtMoc Include="..\src\client\cardpilewidget.h">
      <Filter>Header Files</Filter>
    </QtMoc>
    <QtMoc Include="..\src\client\cardpocket.h">
      <Filter>Header Files</Filter>
    </QtMoc>
    <QtMoc Include="..\src\client\cardwidget.h">
      <Filter>Header Files</Filter>
    </QtMoc>
    <QtMoc Include="..\src\client\cardwidgetsizemanager.h">
      <Filter>Header Files</Filter>
    </QtMoc>
    <QtMoc Include="..\src\client\cardzoomwidget.h">
      <Filter>Header Files</Filter>
    </QtMoc>
    <QtMoc Include="..\src\client\characterwidget.h">
      <Filter>Header Files</Filter>
    </QtMoc>
    <QtMoc Include="..\src\client\chatwidget.h">
      <Filter>Header Files</Filter>
    </QtMoc>
    <QtMoc Include="..\src\client\connecttoserverdialog.h">
      <Filter>Header Files</Filter>
    </QtMoc>
    <QtMoc Include="..\src\client\creategamedialog.h">
      <Filter>Header Files</Filter>
    </QtMoc>
    <QtMoc Include="..\src\client\deckwidget.h">
      <Filter>Header Files</Filter>
    </QtMoc>
    <QtMoc Include="..\src\client\game.h">
      <Filter>Header Files</Filter>
    </QtMoc>
    <QtMoc Include="..\src\client\gamecontextchangeevent.h">
      <Filter>Header Files</Filter>
    </QtMoc>
    <QtMoc Include="..\src\client\gameevent.h">
      <Filter>Header Files</Filter>
    </QtMoc>
    <QtMoc Include="..\src\client\gameeventhandler.h">
      <Filter>Header Files</Filter>
    </QtMoc>
    <QtMoc Include="..\src\client\gameeventqueue.h">
      <Filter>Header Files</Filter>
    </QtMoc>
    <QtMoc Include="..\src\client\gameloop.h">
      <Filter>Header Files</Filter>
    </QtMoc>
    <QtMoc Include="..\src\client\gamemessageevent.h">
      <Filter>Header Files</Filter>
    </QtMoc>
    <QtMoc Include="..\src\client\graveyardwidget.h">
      <Filter>Header Files</Filter>
    </QtMoc>
    <QtMoc Include="..\src\client\joingamedialog.h">
      <Filter>Header Files</Filter>
    </QtMoc>
    <QtMoc Include="..\src\client\lifepointschangeevent.h">
      <Filter>Header Files</Filter>
    </QtMoc>
    <QtMoc Include="..\src\client\localplayerwidget.h">
      <Filter>Header Files</Filter>
    </QtMoc>
    <QtMoc Include="..\src\client\logwidget.h">
      <Filter>Header Files</Filter>
    </QtMoc>
    <QtMoc Include="..\src\client\mainwindow.h">
      <Filter>Header Files</Filter>
    </QtMoc>
    <QtMoc Include="..\src\client\newserverdialog.h">
      <Filter>Header Files</Filter>
    </QtMoc>
    <QtMoc Include="..\src\client\playerdiedevent.h">
      <Filter>Header Files</Filter>
    </QtMoc>
    <QtMoc Include="..\src\client\playerevent.h">
      <Filter>Header Files</Filter>
    </QtMoc>
    <QtMoc Include="..\src\client\playerwidget.h">
      <Filter>Header Files</Filter>
    </QtMoc>
    <QtMoc Include="..\src\client\serverconnection.h">
      <Filter>Header Files</Filter>
    </QtMoc>
  </ItemGroup>
  <ItemGroup>
    <ClInclude Include="..\src\client\card.h">
      <Filter>Header Files</Filter>
    </ClInclude>
    <ClInclude Include="..\src\client\cardactionswidget.h">
      <Filter>Header Files</Filter>
    </ClInclude>
    <ClInclude Include="..\src\client\cardwidgetfactory.h">
      <Filter>Header Files</Filter>
    </ClInclude>
    <ClInclude Include="..\src\client\common.h">
      <Filter>Header Files</Filter>
    </ClInclude>
    <ClInclude Include="..\src\client\gameactionmanager.h">
      <Filter>Header Files</Filter>
    </ClInclude>
    <ClInclude Include="..\src\client\gamesyncevent.h">
      <Filter>Header Files</Filter>
    </ClInclude>
    <ClInclude Include="..\src\client\opponentwidget.h">
      <Filter>Header Files</Filter>
    </ClInclude>
    <ClInclude Include="..\src\client\selectplayericonwidget.h">
      <Filter>Header Files</Filter>
    </ClInclude>
  </ItemGroup>
  <ItemGroup>
    <QtRcc Include="..\src\client\resources\client.qrc">
      <Filter>Resource Files</Filter>
    </QtRcc>
  </ItemGroup>
  <ItemGroup>
    <QtUic Include="..\src\client\aboutdialog.ui">
      <Filter>Form Files</Filter>
    </QtUic>
    <QtUic Include="..\src\client\chatwidget.ui">
      <Filter>Form Files</Filter>
    </QtUic>
    <QtUic Include="..\src\client\connecttoserverdialog.ui">
      <Filter>Form Files</Filter>
    </QtUic>
    <QtUic Include="..\src\client\creategamedialog.ui">
      <Filter>Form Files</Filter>
    </QtUic>
    <QtUic Include="..\src\client\joingamedialog.ui">
      <Filter>Form Files</Filter>
    </QtUic>
    <QtUic Include="..\src\client\localplayerwidget.ui">
      <Filter>Form Files</Filter>
    </QtUic>
    <QtUic Include="..\src\client\logwidget.ui">
      <Filter>Form Files</Filter>
    </QtUic>
    <QtUic Include="..\src\client\mainwindow.ui">
      <Filter>Form Files</Filter>
    </QtUic>
    <QtUic Include="..\src\client\newserverdialog.ui">
      <Filter>Form Files</Filter>
    </QtUic>
    <QtUic Include="..\src\client\opponentwidget.ui">
      <Filter>Form Files</Filter>
    </QtUic>
  </ItemGroup>
</Project>